
Microsoft Visual Studio Solution File, Format Version 12.00
# Visual Studio Version 16
VisualStudioVersion = 16.0.31911.196
MinimumVisualStudioVersion = 10.0.40219.1
Project("{9A19103F-16F7-4668-BE54-9A1E7A4F7556}") = "SnowWhite", "SnowWhite\SnowWhite.csproj", "{0C3A85DF-BF03-45AF-88F2-16C18A66EBE8}"
EndProject
Project("{9A19103F-16F7-4668-BE54-9A1E7A4F7556}") = "Ranking", "Ranking\Ranking.csproj", "{B07F8DA5-809C-43A2-A66C-4775FC9EA762}"
EndProject
Project("{9A19103F-16F7-4668-BE54-9A1E7A4F7556}") = "Judge", "Judge\Judge.csproj", "{20890A7C-6572-4F9F-89F3-AEDE2E6CD5F5}"
EndProject
Project("{9A19103F-16F7-4668-BE54-9A1E7A4F7556}") = "DragonArmy", "DragonArmy\DragonArmy.csproj", "{2E53AB6A-0291-4AC6-A5A6-63DA5A7314D3}"
EndProject
Global
	GlobalSection(SolutionConfigurationPlatforms) = preSolution
		Debug|Any CPU = Debug|Any CPU
		Release|Any CPU = Release|Any CPU
	EndGlobalSection
	GlobalSection(ProjectConfigurationPlatforms) = postSolution
		{0C3A85DF-BF03-45AF-88F2-16C18A66EBE8}.Debug|Any CPU.ActiveCfg = Debug|Any CPU
		{0C3A85DF-BF03-45AF-88F2-16C18A66EBE8}.Debug|Any CPU.Build.0 = Debug|Any CPU
		{0C3A85DF-BF03-45AF-88F2-16C18A66EBE8}.Release|Any CPU.ActiveCfg = Release|Any CPU
		{0C3A85DF-BF03-45AF-88F2-16C18A66EBE8}.Release|Any CPU.Build.0 = Release|Any CPU
		{B07F8DA5-809C-43A2-A66C-4775FC9EA762}.Debug|Any CPU.ActiveCfg = Debug|Any CPU
		{B07F8DA5-809C-43A2-A66C-4775FC9EA762}.Debug|Any CPU.Build.0 = Debug|Any CPU
		{B07F8DA5-809C-43A2-A66C-4775FC9EA762}.Release|Any CPU.ActiveCfg = Release|Any CPU
		{B07F8DA5-809C-43A2-A66C-4775FC9EA762}.Release|Any CPU.Build.0 = Release|Any CPU
		{20890A7C-6572-4F9F-89F3-AEDE2E6CD5F5}.Debug|Any CPU.ActiveCfg = Debug|Any CPU
		{20890A7C-6572-4F9F-89F3-AEDE2E6CD5F5}.Debug|Any CPU.Build.0 = Debug|Any CPU
		{20890A7C-6572-4F9F-89F3-AEDE2E6CD5F5}.Release|Any CPU.ActiveCfg = Release|Any CPU
		{20890A7C-6572-4F9F-89F3-AEDE2E6CD5F5}.Release|Any CPU.Build.0 = Release|Any CPU
		{2E53AB6A-0291-4AC6-A5A6-63DA5A7314D3}.Debug|Any CPU.ActiveCfg = Debug|Any CPU
		{2E53AB6A-0291-4AC6-A5A6-63DA5A7314D3}.Debug|Any CPU.Build.0 = Debug|Any CPU
		{2E53AB6A-0291-4AC6-A5A6-63DA5A7314D3}.Release|Any CPU.ActiveCfg = Release|Any CPU
		{2E53AB6A-0291-4AC6-A5A6-63DA5A7314D3}.Release|Any CPU.Build.0 = Release|Any CPU
	EndGlobalSection
	GlobalSection(SolutionProperties) = preSolution
		HideSolutionNode = FALSE
	EndGlobalSection
	GlobalSection(ExtensibilityGlobals) = postSolution
		SolutionGuid = {FC7F726B-E6EF-4EF2-BBB5-EF409377E1F4}
	EndGlobalSection
EndGlobal
